// !$*UTF8*$!
{
	archiveVersion = 1;
	classes = {
	};
	objectVersion = 56;
	objects = {

/* Begin PBXBuildFile section */
		5B5030852C80EF300033BDD2 /* BlurView.swift in Sources */ = {isa = PBXBuildFile; fileRef = 5B5030842C80EF300033BDD2 /* BlurView.swift */; };
		5B5030872C80F10A0033BDD2 /* PasswordModel.swift in Sources */ = {isa = PBXBuildFile; fileRef = 5B5030862C80F10A0033BDD2 /* PasswordModel.swift */; };
		5B5030892C810D830033BDD2 /* MainView.swift in Sources */ = {isa = PBXBuildFile; fileRef = 5B5030882C810D830033BDD2 /* MainView.swift */; };
		5B50308D2C81246D0033BDD2 /* StartingView.swift in Sources */ = {isa = PBXBuildFile; fileRef = 5B50308C2C81246D0033BDD2 /* StartingView.swift */; };
		5B50308F2C8126E60033BDD2 /* UIImageExtension.swift in Sources */ = {isa = PBXBuildFile; fileRef = 5B50308E2C8126E60033BDD2 /* UIImageExtension.swift */; };
		5B5030912C813CE10033BDD2 /* HistoryView.swift in Sources */ = {isa = PBXBuildFile; fileRef = 5B5030902C813CE10033BDD2 /* HistoryView.swift */; };
		5B5030952C8164A80033BDD2 /* SavedPasswordStruct.swift in Sources */ = {isa = PBXBuildFile; fileRef = 5B5030942C8164A80033BDD2 /* SavedPasswordStruct.swift */; };
		5BA08A332C96632600906473 /* EncryptionUtils.swift in Sources */ = {isa = PBXBuildFile; fileRef = 5BA08A322C96632600906473 /* EncryptionUtils.swift */; };
		5BA08A382C96931800906473 /* KeychainHelper.swift in Sources */ = {isa = PBXBuildFile; fileRef = 5BA08A372C96931800906473 /* KeychainHelper.swift */; };
		5BA3A14B2BD899920049338D /* PasswordGeneratorApp.swift in Sources */ = {isa = PBXBuildFile; fileRef = 5BA3A14A2BD899920049338D /* PasswordGeneratorApp.swift */; };
		5BA3A14F2BD899930049338D /* Assets.xcassets in Resources */ = {isa = PBXBuildFile; fileRef = 5BA3A14E2BD899930049338D /* Assets.xcassets */; };
		5BA3A1532BD899930049338D /* Preview Assets.xcassets in Resources */ = {isa = PBXBuildFile; fileRef = 5BA3A1522BD899930049338D /* Preview Assets.xcassets */; };
		5BA3A15D2BD899930049338D /* PasswordGeneratorTests.swift in Sources */ = {isa = PBXBuildFile; fileRef = 5BA3A15C2BD899930049338D /* PasswordGeneratorTests.swift */; };
		5BA3A1672BD899930049338D /* PasswordGeneratorUITests.swift in Sources */ = {isa = PBXBuildFile; fileRef = 5BA3A1662BD899930049338D /* PasswordGeneratorUITests.swift */; };
		5BA3A1692BD899930049338D /* PasswordGeneratorUITestsLaunchTests.swift in Sources */ = {isa = PBXBuildFile; fileRef = 5BA3A1682BD899930049338D /* PasswordGeneratorUITestsLaunchTests.swift */; };
/* End PBXBuildFile section */

/* Begin PBXContainerItemProxy section */
		5BA3A1592BD899930049338D /* PBXContainerItemProxy */ = {
			isa = PBXContainerItemProxy;
			containerPortal = 5BA3A13F2BD899920049338D /* Project object */;
			proxyType = 1;
			remoteGlobalIDString = 5BA3A1462BD899920049338D;
			remoteInfo = PasswordGenerator;
		};
		5BA3A1632BD899930049338D /* PBXContainerItemProxy */ = {
			isa = PBXContainerItemProxy;
			containerPortal = 5BA3A13F2BD899920049338D /* Project object */;
			proxyType = 1;
			remoteGlobalIDString = 5BA3A1462BD899920049338D;
			remoteInfo = PasswordGenerator;
		};
/* End PBXContainerItemProxy section */

/* Begin PBXFileReference section */
		5B5030842C80EF300033BDD2 /* BlurView.swift */ = {isa = PBXFileReference; lastKnownFileType = sourcecode.swift; path = BlurView.swift; sourceTree = "<group>"; };
		5B5030862C80F10A0033BDD2 /* PasswordModel.swift */ = {isa = PBXFileReference; lastKnownFileType = sourcecode.swift; path = PasswordModel.swift; sourceTree = "<group>"; };
		5B5030882C810D830033BDD2 /* MainView.swift */ = {isa = PBXFileReference; lastKnownFileType = sourcecode.swift; path = MainView.swift; sourceTree = "<group>"; };
		5B50308C2C81246D0033BDD2 /* StartingView.swift */ = {isa = PBXFileReference; lastKnownFileType = sourcecode.swift; path = StartingView.swift; sourceTree = "<group>"; };
		5B50308E2C8126E60033BDD2 /* UIImageExtension.swift */ = {isa = PBXFileReference; lastKnownFileType = sourcecode.swift; path = UIImageExtension.swift; sourceTree = "<group>"; };
		5B5030902C813CE10033BDD2 /* HistoryView.swift */ = {isa = PBXFileReference; lastKnownFileType = sourcecode.swift; path = HistoryView.swift; sourceTree = "<group>"; };
		5B5030942C8164A80033BDD2 /* SavedPasswordStruct.swift */ = {isa = PBXFileReference; lastKnownFileType = sourcecode.swift; path = SavedPasswordStruct.swift; sourceTree = "<group>"; };
		5BA08A322C96632600906473 /* EncryptionUtils.swift */ = {isa = PBXFileReference; lastKnownFileType = sourcecode.swift; path = EncryptionUtils.swift; sourceTree = "<group>"; };
		5BA08A372C96931800906473 /* KeychainHelper.swift */ = {isa = PBXFileReference; lastKnownFileType = sourcecode.swift; path = KeychainHelper.swift; sourceTree = "<group>"; };
		5BA3A1472BD899920049338D /* PasswordGenerator.app */ = {isa = PBXFileReference; explicitFileType = wrapper.application; includeInIndex = 0; path = PasswordGenerator.app; sourceTree = BUILT_PRODUCTS_DIR; };
		5BA3A14A2BD899920049338D /* PasswordGeneratorApp.swift */ = {isa = PBXFileReference; lastKnownFileType = sourcecode.swift; path = PasswordGeneratorApp.swift; sourceTree = "<group>"; };
		5BA3A14E2BD899930049338D /* Assets.xcassets */ = {isa = PBXFileReference; lastKnownFileType = folder.assetcatalog; path = Assets.xcassets; sourceTree = "<group>"; };
		5BA3A1502BD899930049338D /* PasswordGenerator.entitlements */ = {isa = PBXFileReference; lastKnownFileType = text.plist.entitlements; path = PasswordGenerator.entitlements; sourceTree = "<group>"; };
		5BA3A1522BD899930049338D /* Preview Assets.xcassets */ = {isa = PBXFileReference; lastKnownFileType = folder.assetcatalog; path = "Preview Assets.xcassets"; sourceTree = "<group>"; };
		5BA3A1582BD899930049338D /* PasswordGeneratorTests.xctest */ = {isa = PBXFileReference; explicitFileType = wrapper.cfbundle; includeInIndex = 0; path = PasswordGeneratorTests.xctest; sourceTree = BUILT_PRODUCTS_DIR; };
		5BA3A15C2BD899930049338D /* PasswordGeneratorTests.swift */ = {isa = PBXFileReference; lastKnownFileType = sourcecode.swift; path = PasswordGeneratorTests.swift; sourceTree = "<group>"; };
		5BA3A1622BD899930049338D /* PasswordGeneratorUITests.xctest */ = {isa = PBXFileReference; explicitFileType = wrapper.cfbundle; includeInIndex = 0; path = PasswordGeneratorUITests.xctest; sourceTree = BUILT_PRODUCTS_DIR; };
		5BA3A1662BD899930049338D /* PasswordGeneratorUITests.swift */ = {isa = PBXFileReference; lastKnownFileType = sourcecode.swift; path = PasswordGeneratorUITests.swift; sourceTree = "<group>"; };
		5BA3A1682BD899930049338D /* PasswordGeneratorUITestsLaunchTests.swift */ = {isa = PBXFileReference; lastKnownFileType = sourcecode.swift; path = PasswordGeneratorUITestsLaunchTests.swift; sourceTree = "<group>"; };
/* End PBXFileReference section */

/* Begin PBXFrameworksBuildPhase section */
		5BA3A1442BD899920049338D /* Frameworks */ = {
			isa = PBXFrameworksBuildPhase;
			buildActionMask = 2147483647;
			files = (
			);
			runOnlyForDeploymentPostprocessing = 0;
		};
		5BA3A1552BD899930049338D /* Frameworks */ = {
			isa = PBXFrameworksBuildPhase;
			buildActionMask = 2147483647;
			files = (
			);
			runOnlyForDeploymentPostprocessing = 0;
		};
		5BA3A15F2BD899930049338D /* Frameworks */ = {
			isa = PBXFrameworksBuildPhase;
			buildActionMask = 2147483647;
			files = (
			);
			runOnlyForDeploymentPostprocessing = 0;
		};
/* End PBXFrameworksBuildPhase section */

/* Begin PBXGroup section */
		5BA08A342C96633D00906473 /* Views */ = {
			isa = PBXGroup;
			children = (
				5B50308C2C81246D0033BDD2 /* StartingView.swift */,
				5B5030882C810D830033BDD2 /* MainView.swift */,
				5B5030842C80EF300033BDD2 /* BlurView.swift */,
				5B5030902C813CE10033BDD2 /* HistoryView.swift */,
			);
			path = Views;
			sourceTree = "<group>";
		};
		5BA08A352C96636400906473 /* Models */ = {
			isa = PBXGroup;
			children = (
				5B5030942C8164A80033BDD2 /* SavedPasswordStruct.swift */,
				5B5030862C80F10A0033BDD2 /* PasswordModel.swift */,
				5BA08A322C96632600906473 /* EncryptionUtils.swift */,
				5BA08A372C96931800906473 /* KeychainHelper.swift */,
			);
			path = Models;
			sourceTree = "<group>";
		};
		5BA08A362C96637E00906473 /* Extensions */ = {
			isa = PBXGroup;
			children = (
				5B50308E2C8126E60033BDD2 /* UIImageExtension.swift */,
			);
			path = Extensions;
			sourceTree = "<group>";
		};
		5BA3A13E2BD899920049338D = {
			isa = PBXGroup;
			children = (
				5BA3A1492BD899920049338D /* PasswordGenerator */,
				5BA3A15B2BD899930049338D /* PasswordGeneratorTests */,
				5BA3A1652BD899930049338D /* PasswordGeneratorUITests */,
				5BA3A1482BD899920049338D /* Products */,
			);
			sourceTree = "<group>";
		};
		5BA3A1482BD899920049338D /* Products */ = {
			isa = PBXGroup;
			children = (
				5BA3A1472BD899920049338D /* PasswordGenerator.app */,
				5BA3A1582BD899930049338D /* PasswordGeneratorTests.xctest */,
				5BA3A1622BD899930049338D /* PasswordGeneratorUITests.xctest */,
			);
			name = Products;
			sourceTree = "<group>";
		};
		5BA3A1492BD899920049338D /* PasswordGenerator */ = {
			isa = PBXGroup;
			children = (
				5BA08A362C96637E00906473 /* Extensions */,
				5BA08A352C96636400906473 /* Models */,
				5BA08A342C96633D00906473 /* Views */,
				5BA3A14A2BD899920049338D /* PasswordGeneratorApp.swift */,
				5BA3A14E2BD899930049338D /* Assets.xcassets */,
				5BA3A1502BD899930049338D /* PasswordGenerator.entitlements */,
				5BA3A1512BD899930049338D /* Preview Content */,
			);
			path = PasswordGenerator;
			sourceTree = "<group>";
		};
		5BA3A1512BD899930049338D /* Preview Content */ = {
			isa = PBXGroup;
			children = (
				5BA3A1522BD899930049338D /* Preview Assets.xcassets */,
			);
			path = "Preview Content";
			sourceTree = "<group>";
		};
		5BA3A15B2BD899930049338D /* PasswordGeneratorTests */ = {
			isa = PBXGroup;
			children = (
				5BA3A15C2BD899930049338D /* PasswordGeneratorTests.swift */,
			);
			path = PasswordGeneratorTests;
			sourceTree = "<group>";
		};
		5BA3A1652BD899930049338D /* PasswordGeneratorUITests */ = {
			isa = PBXGroup;
			children = (
				5BA3A1662BD899930049338D /* PasswordGeneratorUITests.swift */,
				5BA3A1682BD899930049338D /* PasswordGeneratorUITestsLaunchTests.swift */,
			);
			path = PasswordGeneratorUITests;
			sourceTree = "<group>";
		};
/* End PBXGroup section */

/* Begin PBXNativeTarget section */
		5BA3A1462BD899920049338D /* PasswordGenerator */ = {
			isa = PBXNativeTarget;
			buildConfigurationList = 5BA3A16C2BD899930049338D /* Build configuration list for PBXNativeTarget "PasswordGenerator" */;
			buildPhases = (
				5BA3A1432BD899920049338D /* Sources */,
				5BA3A1442BD899920049338D /* Frameworks */,
				5BA3A1452BD899920049338D /* Resources */,
			);
			buildRules = (
			);
			dependencies = (
			);
			name = PasswordGenerator;
			productName = PasswordGenerator;
			productReference = 5BA3A1472BD899920049338D /* PasswordGenerator.app */;
			productType = "com.apple.product-type.application";
		};
		5BA3A1572BD899930049338D /* PasswordGeneratorTests */ = {
			isa = PBXNativeTarget;
			buildConfigurationList = 5BA3A16F2BD899930049338D /* Build configuration list for PBXNativeTarget "PasswordGeneratorTests" */;
			buildPhases = (
				5BA3A1542BD899930049338D /* Sources */,
				5BA3A1552BD899930049338D /* Frameworks */,
				5BA3A1562BD899930049338D /* Resources */,
			);
			buildRules = (
			);
			dependencies = (
				5BA3A15A2BD899930049338D /* PBXTargetDependency */,
			);
			name = PasswordGeneratorTests;
			productName = PasswordGeneratorTests;
			productReference = 5BA3A1582BD899930049338D /* PasswordGeneratorTests.xctest */;
			productType = "com.apple.product-type.bundle.unit-test";
		};
		5BA3A1612BD899930049338D /* PasswordGeneratorUITests */ = {
			isa = PBXNativeTarget;
			buildConfigurationList = 5BA3A1722BD899930049338D /* Build configuration list for PBXNativeTarget "PasswordGeneratorUITests" */;
			buildPhases = (
				5BA3A15E2BD899930049338D /* Sources */,
				5BA3A15F2BD899930049338D /* Frameworks */,
				5BA3A1602BD899930049338D /* Resources */,
			);
			buildRules = (
			);
			dependencies = (
				5BA3A1642BD899930049338D /* PBXTargetDependency */,
			);
			name = PasswordGeneratorUITests;
			productName = PasswordGeneratorUITests;
			productReference = 5BA3A1622BD899930049338D /* PasswordGeneratorUITests.xctest */;
			productType = "com.apple.product-type.bundle.ui-testing";
		};
/* End PBXNativeTarget section */

/* Begin PBXProject section */
		5BA3A13F2BD899920049338D /* Project object */ = {
			isa = PBXProject;
			attributes = {
				BuildIndependentTargetsInParallel = 1;
				LastSwiftUpdateCheck = 1530;
				LastUpgradeCheck = 1540;
				TargetAttributes = {
					5BA3A1462BD899920049338D = {
						CreatedOnToolsVersion = 15.3;
					};
					5BA3A1572BD899930049338D = {
						CreatedOnToolsVersion = 15.3;
						TestTargetID = 5BA3A1462BD899920049338D;
					};
					5BA3A1612BD899930049338D = {
						CreatedOnToolsVersion = 15.3;
						TestTargetID = 5BA3A1462BD899920049338D;
					};
				};
			};
			buildConfigurationList = 5BA3A1422BD899920049338D /* Build configuration list for PBXProject "PasswordGenerator" */;
			compatibilityVersion = "Xcode 14.0";
			developmentRegion = en;
			hasScannedForEncodings = 0;
			knownRegions = (
				en,
				Base,
			);
			mainGroup = 5BA3A13E2BD899920049338D;
			productRefGroup = 5BA3A1482BD899920049338D /* Products */;
			projectDirPath = "";
			projectRoot = "";
			targets = (
				5BA3A1462BD899920049338D /* PasswordGenerator */,
				5BA3A1572BD899930049338D /* PasswordGeneratorTests */,
				5BA3A1612BD899930049338D /* PasswordGeneratorUITests */,
			);
		};
/* End PBXProject section */

/* Begin PBXResourcesBuildPhase section */
		5BA3A1452BD899920049338D /* Resources */ = {
			isa = PBXResourcesBuildPhase;
			buildActionMask = 2147483647;
			files = (
				5BA3A1532BD899930049338D /* Preview Assets.xcassets in Resources */,
				5BA3A14F2BD899930049338D /* Assets.xcassets in Resources */,
			);
			runOnlyForDeploymentPostprocessing = 0;
		};
		5BA3A1562BD899930049338D /* Resources */ = {
			isa = PBXResourcesBuildPhase;
			buildActionMask = 2147483647;
			files = (
			);
			runOnlyForDeploymentPostprocessing = 0;
		};
		5BA3A1602BD899930049338D /* Resources */ = {
			isa = PBXResourcesBuildPhase;
			buildActionMask = 2147483647;
			files = (
			);
			runOnlyForDeploymentPostprocessing = 0;
		};
/* End PBXResourcesBuildPhase section */

/* Begin PBXSourcesBuildPhase section */
		5BA3A1432BD899920049338D /* Sources */ = {
			isa = PBXSourcesBuildPhase;
			buildActionMask = 2147483647;
			files = (
				5B5030912C813CE10033BDD2 /* HistoryView.swift in Sources */,
				5BA3A14B2BD899920049338D /* PasswordGeneratorApp.swift in Sources */,
				5B5030872C80F10A0033BDD2 /* PasswordModel.swift in Sources */,
				5BA08A382C96931800906473 /* KeychainHelper.swift in Sources */,
				5B5030892C810D830033BDD2 /* MainView.swift in Sources */,
				5B5030852C80EF300033BDD2 /* BlurView.swift in Sources */,
				5B50308D2C81246D0033BDD2 /* StartingView.swift in Sources */,
				5BA08A332C96632600906473 /* EncryptionUtils.swift in Sources */,
				5B50308F2C8126E60033BDD2 /* UIImageExtension.swift in Sources */,
				5B5030952C8164A80033BDD2 /* SavedPasswordStruct.swift in Sources */,
			);
			runOnlyForDeploymentPostprocessing = 0;
		};
		5BA3A1542BD899930049338D /* Sources */ = {
			isa = PBXSourcesBuildPhase;
			buildActionMask = 2147483647;
			files = (
				5BA3A15D2BD899930049338D /* PasswordGeneratorTests.swift in Sources */,
			);
			runOnlyForDeploymentPostprocessing = 0;
		};
		5BA3A15E2BD899930049338D /* Sources */ = {
			isa = PBXSourcesBuildPhase;
			buildActionMask = 2147483647;
			files = (
				5BA3A1672BD899930049338D /* PasswordGeneratorUITests.swift in Sources */,
				5BA3A1692BD899930049338D /* PasswordGeneratorUITestsLaunchTests.swift in Sources */,
			);
			runOnlyForDeploymentPostprocessing = 0;
		};
/* End PBXSourcesBuildPhase section */

/* Begin PBXTargetDependency section */
		5BA3A15A2BD899930049338D /* PBXTargetDependency */ = {
			isa = PBXTargetDependency;
			target = 5BA3A1462BD899920049338D /* PasswordGenerator */;
			targetProxy = 5BA3A1592BD899930049338D /* PBXContainerItemProxy */;
		};
		5BA3A1642BD899930049338D /* PBXTargetDependency */ = {
			isa = PBXTargetDependency;
			target = 5BA3A1462BD899920049338D /* PasswordGenerator */;
			targetProxy = 5BA3A1632BD899930049338D /* PBXContainerItemProxy */;
		};
/* End PBXTargetDependency section */

/* Begin XCBuildConfiguration section */
		5BA3A16A2BD899930049338D /* Debug */ = {
			isa = XCBuildConfiguration;
			buildSettings = {
				ALWAYS_SEARCH_USER_PATHS = NO;
				ASSETCATALOG_COMPILER_GENERATE_SWIFT_ASSET_SYMBOL_EXTENSIONS = YES;
				CLANG_ANALYZER_NONNULL = YES;
				CLANG_ANALYZER_NUMBER_OBJECT_CONVERSION = YES_AGGRESSIVE;
				CLANG_CXX_LANGUAGE_STANDARD = "gnu++20";
				CLANG_ENABLE_MODULES = YES;
				CLANG_ENABLE_OBJC_ARC = YES;
				CLANG_ENABLE_OBJC_WEAK = YES;
				CLANG_WARN_BLOCK_CAPTURE_AUTORELEASING = YES;
				CLANG_WARN_BOOL_CONVERSION = YES;
				CLANG_WARN_COMMA = YES;
				CLANG_WARN_CONSTANT_CONVERSION = YES;
				CLANG_WARN_DEPRECATED_OBJC_IMPLEMENTATIONS = YES;
				CLANG_WARN_DIRECT_OBJC_ISA_USAGE = YES_ERROR;
				CLANG_WARN_DOCUMENTATION_COMMENTS = YES;
				CLANG_WARN_EMPTY_BODY = YES;
				CLANG_WARN_ENUM_CONVERSION = YES;
				CLANG_WARN_INFINITE_RECURSION = YES;
				CLANG_WARN_INT_CONVERSION = YES;
				CLANG_WARN_NON_LITERAL_NULL_CONVERSION = YES;
				CLANG_WARN_OBJC_IMPLICIT_RETAIN_SELF = YES;
				CLANG_WARN_OBJC_LITERAL_CONVERSION = YES;
				CLANG_WARN_OBJC_ROOT_CLASS = YES_ERROR;
				CLANG_WARN_QUOTED_INCLUDE_IN_FRAMEWORK_HEADER = YES;
				CLANG_WARN_RANGE_LOOP_ANALYSIS = YES;
				CLANG_WARN_STRICT_PROTOTYPES = YES;
				CLANG_WARN_SUSPICIOUS_MOVE = YES;
				CLANG_WARN_UNGUARDED_AVAILABILITY = YES_AGGRESSIVE;
				CLANG_WARN_UNREACHABLE_CODE = YES;
				CLANG_WARN__DUPLICATE_METHOD_MATCH = YES;
				COPY_PHASE_STRIP = NO;
				DEAD_CODE_STRIPPING = YES;
				DEBUG_INFORMATION_FORMAT = dwarf;
				ENABLE_STRICT_OBJC_MSGSEND = YES;
				ENABLE_TESTABILITY = YES;
				ENABLE_USER_SCRIPT_SANDBOXING = YES;
				GCC_C_LANGUAGE_STANDARD = gnu17;
				GCC_DYNAMIC_NO_PIC = NO;
				GCC_NO_COMMON_BLOCKS = YES;
				GCC_OPTIMIZATION_LEVEL = 0;
				GCC_PREPROCESSOR_DEFINITIONS = (
					"DEBUG=1",
					"$(inherited)",
				);
				GCC_WARN_64_TO_32_BIT_CONVERSION = YES;
				GCC_WARN_ABOUT_RETURN_TYPE = YES_ERROR;
				GCC_WARN_UNDECLARED_SELECTOR = YES;
				GCC_WARN_UNINITIALIZED_AUTOS = YES_AGGRESSIVE;
				GCC_WARN_UNUSED_FUNCTION = YES;
				GCC_WARN_UNUSED_VARIABLE = YES;
				LOCALIZATION_PREFERS_STRING_CATALOGS = YES;
				MTL_ENABLE_DEBUG_INFO = INCLUDE_SOURCE;
				MTL_FAST_MATH = YES;
				ONLY_ACTIVE_ARCH = YES;
				SWIFT_ACTIVE_COMPILATION_CONDITIONS = "DEBUG $(inherited)";
				SWIFT_OPTIMIZATION_LEVEL = "-Onone";
			};
			name = Debug;
		};
		5BA3A16B2BD899930049338D /* Release */ = {
			isa = XCBuildConfiguration;
			buildSettings = {
				ALWAYS_SEARCH_USER_PATHS = NO;
				ASSETCATALOG_COMPILER_GENERATE_SWIFT_ASSET_SYMBOL_EXTENSIONS = YES;
				CLANG_ANALYZER_NONNULL = YES;
				CLANG_ANALYZER_NUMBER_OBJECT_CONVERSION = YES_AGGRESSIVE;
				CLANG_CXX_LANGUAGE_STANDARD = "gnu++20";
				CLANG_ENABLE_MODULES = YES;
				CLANG_ENABLE_OBJC_ARC = YES;
				CLANG_ENABLE_OBJC_WEAK = YES;
				CLANG_WARN_BLOCK_CAPTURE_AUTORELEASING = YES;
				CLANG_WARN_BOOL_CONVERSION = YES;
				CLANG_WARN_COMMA = YES;
				CLANG_WARN_CONSTANT_CONVERSION = YES;
				CLANG_WARN_DEPRECATED_OBJC_IMPLEMENTATIONS = YES;
				CLANG_WARN_DIRECT_OBJC_ISA_USAGE = YES_ERROR;
				CLANG_WARN_DOCUMENTATION_COMMENTS = YES;
				CLANG_WARN_EMPTY_BODY = YES;
				CLANG_WARN_ENUM_CONVERSION = YES;
				CLANG_WARN_INFINITE_RECURSION = YES;
				CLANG_WARN_INT_CONVERSION = YES;
				CLANG_WARN_NON_LITERAL_NULL_CONVERSION = YES;
				CLANG_WARN_OBJC_IMPLICIT_RETAIN_SELF = YES;
				CLANG_WARN_OBJC_LITERAL_CONVERSION = YES;
				CLANG_WARN_OBJC_ROOT_CLASS = YES_ERROR;
				CLANG_WARN_QUOTED_INCLUDE_IN_FRAMEWORK_HEADER = YES;
				CLANG_WARN_RANGE_LOOP_ANALYSIS = YES;
				CLANG_WARN_STRICT_PROTOTYPES = YES;
				CLANG_WARN_SUSPICIOUS_MOVE = YES;
				CLANG_WARN_UNGUARDED_AVAILABILITY = YES_AGGRESSIVE;
				CLANG_WARN_UNREACHABLE_CODE = YES;
				CLANG_WARN__DUPLICATE_METHOD_MATCH = YES;
				COPY_PHASE_STRIP = NO;
				DEAD_CODE_STRIPPING = YES;
				DEBUG_INFORMATION_FORMAT = "dwarf-with-dsym";
				ENABLE_NS_ASSERTIONS = NO;
				ENABLE_STRICT_OBJC_MSGSEND = YES;
				ENABLE_USER_SCRIPT_SANDBOXING = YES;
				GCC_C_LANGUAGE_STANDARD = gnu17;
				GCC_NO_COMMON_BLOCKS = YES;
				GCC_WARN_64_TO_32_BIT_CONVERSION = YES;
				GCC_WARN_ABOUT_RETURN_TYPE = YES_ERROR;
				GCC_WARN_UNDECLARED_SELECTOR = YES;
				GCC_WARN_UNINITIALIZED_AUTOS = YES_AGGRESSIVE;
				GCC_WARN_UNUSED_FUNCTION = YES;
				GCC_WARN_UNUSED_VARIABLE = YES;
				LOCALIZATION_PREFERS_STRING_CATALOGS = YES;
				MTL_ENABLE_DEBUG_INFO = NO;
				MTL_FAST_MATH = YES;
				SWIFT_COMPILATION_MODE = wholemodule;
			};
			name = Release;
		};
		5BA3A16D2BD899930049338D /* Debug */ = {
			isa = XCBuildConfiguration;
			buildSettings = {
				ASSETCATALOG_COMPILER_APPICON_NAME = AppIcon;
				ASSETCATALOG_COMPILER_GLOBAL_ACCENT_COLOR_NAME = AccentColor;
				CODE_SIGN_ENTITLEMENTS = PasswordGenerator/PasswordGenerator.entitlements;
				CODE_SIGN_STYLE = Automatic;
				CURRENT_PROJECT_VERSION = 1;
				DEAD_CODE_STRIPPING = YES;
				DEVELOPMENT_ASSET_PATHS = "\"PasswordGenerator/Preview Content\"";
				ENABLE_PREVIEWS = YES;
				GENERATE_INFOPLIST_FILE = YES;
				INFOPLIST_KEY_CFBundleDisplayName = "Password Generator";
				"INFOPLIST_KEY_UIApplicationSceneManifest_Generation[sdk=iphoneos*]" = YES;
				"INFOPLIST_KEY_UIApplicationSceneManifest_Generation[sdk=iphonesimulator*]" = YES;
				"INFOPLIST_KEY_UIApplicationSupportsIndirectInputEvents[sdk=iphoneos*]" = YES;
				"INFOPLIST_KEY_UIApplicationSupportsIndirectInputEvents[sdk=iphonesimulator*]" = YES;
				"INFOPLIST_KEY_UILaunchScreen_Generation[sdk=iphoneos*]" = YES;
				"INFOPLIST_KEY_UILaunchScreen_Generation[sdk=iphonesimulator*]" = YES;
				"INFOPLIST_KEY_UIStatusBarStyle[sdk=iphoneos*]" = UIStatusBarStyleDefault;
				"INFOPLIST_KEY_UIStatusBarStyle[sdk=iphonesimulator*]" = UIStatusBarStyleDefault;
				INFOPLIST_KEY_UISupportedInterfaceOrientations = UIInterfaceOrientationPortrait;
				IPHONEOS_DEPLOYMENT_TARGET = 17.4;
				LD_RUNPATH_SEARCH_PATHS = "@executable_path/Frameworks";
				"LD_RUNPATH_SEARCH_PATHS[sdk=macosx*]" = "@executable_path/../Frameworks";
				MACOSX_DEPLOYMENT_TARGET = 14.1;
				MARKETING_VERSION = 1.0;
				PRODUCT_BUNDLE_IDENTIFIER = nr.PasswordGenerator;
				PRODUCT_NAME = "$(TARGET_NAME)";
				SDKROOT = auto;
				SUPPORTED_PLATFORMS = "iphoneos iphonesimulator macosx";
				SWIFT_EMIT_LOC_STRINGS = YES;
				SWIFT_VERSION = 5.0;
				TARGETED_DEVICE_FAMILY = "1,2";
			};
			name = Debug;
		};
		5BA3A16E2BD899930049338D /* Release */ = {
			isa = XCBuildConfiguration;
			buildSettings = {
				ASSETCATALOG_COMPILER_APPICON_NAME = AppIcon;
				ASSETCATALOG_COMPILER_GLOBAL_ACCENT_COLOR_NAME = AccentColor;
				CODE_SIGN_ENTITLEMENTS = PasswordGenerator/PasswordGenerator.entitlements;
				CODE_SIGN_STYLE = Automatic;
				CURRENT_PROJECT_VERSION = 1;
				DEAD_CODE_STRIPPING = YES;
				DEVELOPMENT_ASSET_PATHS = "\"PasswordGenerator/Preview Content\"";
				ENABLE_PREVIEWS = YES;
				GENERATE_INFOPLIST_FILE = YES;
				INFOPLIST_KEY_CFBundleDisplayName = "Password Generator";
				"INFOPLIST_KEY_UIApplicationSceneManifest_Generation[sdk=iphoneos*]" = YES;
				"INFOPLIST_KEY_UIApplicationSceneManifest_Generation[sdk=iphonesimulator*]" = YES;
				"INFOPLIST_KEY_UIApplicationSupportsIndirectInputEvents[sdk=iphoneos*]" = YES;
				"INFOPLIST_KEY_UIApplicationSupportsIndirectInputEvents[sdk=iphonesimulator*]" = YES;
				"INFOPLIST_KEY_UILaunchScreen_Generation[sdk=iphoneos*]" = YES;
				"INFOPLIST_KEY_UILaunchScreen_Generation[sdk=iphonesimulator*]" = YES;
				"INFOPLIST_KEY_UIStatusBarStyle[sdk=iphoneos*]" = UIStatusBarStyleDefault;
				"INFOPLIST_KEY_UIStatusBarStyle[sdk=iphonesimulator*]" = UIStatusBarStyleDefault;
				INFOPLIST_KEY_UISupportedInterfaceOrientations = UIInterfaceOrientationPortrait;
				IPHONEOS_DEPLOYMENT_TARGET = 17.4;
				LD_RUNPATH_SEARCH_PATHS = "@executable_path/Frameworks";
				"LD_RUNPATH_SEARCH_PATHS[sdk=macosx*]" = "@executable_path/../Frameworks";
				MACOSX_DEPLOYMENT_TARGET = 14.1;
				MARKETING_VERSION = 1.0;
				PRODUCT_BUNDLE_IDENTIFIER = nr.PasswordGenerator;
				PRODUCT_NAME = "$(TARGET_NAME)";
				SDKROOT = auto;
				SUPPORTED_PLATFORMS = "iphoneos iphonesimulator macosx";
				SWIFT_EMIT_LOC_STRINGS = YES;
				SWIFT_VERSION = 5.0;
				TARGETED_DEVICE_FAMILY = "1,2";
			};
			name = Release;
		};
		5BA3A1702BD899930049338D /* Debug */ = {
			isa = XCBuildConfiguration;
			buildSettings = {
				ALWAYS_EMBED_SWIFT_STANDARD_LIBRARIES = YES;
				BUNDLE_LOADER = "$(TEST_HOST)";
				CODE_SIGN_STYLE = Automatic;
				CURRENT_PROJECT_VERSION = 1;
				DEAD_CODE_STRIPPING = YES;
				GENERATE_INFOPLIST_FILE = YES;
				IPHONEOS_DEPLOYMENT_TARGET = 17.4;
				MACOSX_DEPLOYMENT_TARGET = 14.1;
				MARKETING_VERSION = 1.0;
				PRODUCT_BUNDLE_IDENTIFIER = nr.PasswordGeneratorTests;
				PRODUCT_NAME = "$(TARGET_NAME)";
				SDKROOT = auto;
				SUPPORTED_PLATFORMS = "iphoneos iphonesimulator macosx";
				SWIFT_EMIT_LOC_STRINGS = NO;
				SWIFT_VERSION = 5.0;
				TARGETED_DEVICE_FAMILY = "1,2";
				TEST_HOST = "$(BUILT_PRODUCTS_DIR)/PasswordGenerator.app/$(BUNDLE_EXECUTABLE_FOLDER_PATH)/PasswordGenerator";
			};
			name = Debug;
		};
		5BA3A1712BD899930049338D /* Release */ = {
			isa = XCBuildConfiguration;
			buildSettings = {
				ALWAYS_EMBED_SWIFT_STANDARD_LIBRARIES = YES;
				BUNDLE_LOADER = "$(TEST_HOST)";
				CODE_SIGN_STYLE = Automatic;
				CURRENT_PROJECT_VERSION = 1;
				DEAD_CODE_STRIPPING = YES;
				GENERATE_INFOPLIST_FILE = YES;
				IPHONEOS_DEPLOYMENT_TARGET = 17.4;
				MACOSX_DEPLOYMENT_TARGET = 14.1;
				MARKETING_VERSION = 1.0;
				PRODUCT_BUNDLE_IDENTIFIER = nr.PasswordGeneratorTests;
				PRODUCT_NAME = "$(TARGET_NAME)";
				SDKROOT = auto;
				SUPPORTED_PLATFORMS = "iphoneos iphonesimulator macosx";
				SWIFT_EMIT_LOC_STRINGS = NO;
				SWIFT_VERSION = 5.0;
				TARGETED_DEVICE_FAMILY = "1,2";
				TEST_HOST = "$(BUILT_PRODUCTS_DIR)/PasswordGenerator.app/$(BUNDLE_EXECUTABLE_FOLDER_PATH)/PasswordGenerator";
			};
			name = Release;
		};
		5BA3A1732BD899930049338D /* Debug */ = {
			isa = XCBuildConfiguration;
			buildSettings = {
				ALWAYS_EMBED_SWIFT_STANDARD_LIBRARIES = YES;
				CODE_SIGN_STYLE = Automatic;
				CURRENT_PROJECT_VERSION = 1;
				DEAD_CODE_STRIPPING = YES;
				GENERATE_INFOPLIST_FILE = YES;
				IPHONEOS_DEPLOYMENT_TARGET = 17.4;
				MACOSX_DEPLOYMENT_TARGET = 14.1;
				MARKETING_VERSION = 1.0;
				PRODUCT_BUNDLE_IDENTIFIER = nr.PasswordGeneratorUITests;
				PRODUCT_NAME = "$(TARGET_NAME)";
				SDKROOT = auto;
				SUPPORTED_PLATFORMS = "iphoneos iphonesimulator macosx";
				SWIFT_EMIT_LOC_STRINGS = NO;
				SWIFT_VERSION = 5.0;
				TARGETED_DEVICE_FAMILY = "1,2";
				TEST_TARGET_NAME = PasswordGenerator;
			};
			name = Debug;
		};
		5BA3A1742BD899930049338D /* Release */ = {
			isa = XCBuildConfiguration;
			buildSettings = {
				ALWAYS_EMBED_SWIFT_STANDARD_LIBRARIES = YES;
				CODE_SIGN_STYLE = Automatic;
				CURRENT_PROJECT_VERSION = 1;
				DEAD_CODE_STRIPPING = YES;
				GENERATE_INFOPLIST_FILE = YES;
				IPHONEOS_DEPLOYMENT_TARGET = 17.4;
				MACOSX_DEPLOYMENT_TARGET = 14.1;
				MARKETING_VERSION = 1.0;
				PRODUCT_BUNDLE_IDENTIFIER = nr.PasswordGeneratorUITests;
				PRODUCT_NAME = "$(TARGET_NAME)";
				SDKROOT = auto;
				SUPPORTED_PLATFORMS = "iphoneos iphonesimulator macosx";
				SWIFT_EMIT_LOC_STRINGS = NO;
				SWIFT_VERSION = 5.0;
				TARGETED_DEVICE_FAMILY = "1,2";
				TEST_TARGET_NAME = PasswordGenerator;
			};
			name = Release;
		};
/* End XCBuildConfiguration section */

/* Begin XCConfigurationList section */
		5BA3A1422BD899920049338D /* Build configuration list for PBXProject "PasswordGenerator" */ = {
			isa = XCConfigurationList;
			buildConfigurations = (
				5BA3A16A2BD899930049338D /* Debug */,
				5BA3A16B2BD899930049338D /* Release */,
			);
			defaultConfigurationIsVisible = 0;
			defaultConfigurationName = Release;
		};
		5BA3A16C2BD899930049338D /* Build configuration list for PBXNativeTarget "PasswordGenerator" */ = {
			isa = XCConfigurationList;
			buildConfigurations = (
				5BA3A16D2BD899930049338D /* Debug */,
				5BA3A16E2BD899930049338D /* Release */,
			);
			defaultConfigurationIsVisible = 0;
			defaultConfigurationName = Release;
		};
		5BA3A16F2BD899930049338D /* Build configuration list for PBXNativeTarget "PasswordGeneratorTests" */ = {
			isa = XCConfigurationList;
			buildConfigurations = (
				5BA3A1702BD899930049338D /* Debug */,
				5BA3A1712BD899930049338D /* Release */,
			);
			defaultConfigurationIsVisible = 0;
			defaultConfigurationName = Release;
		};
		5BA3A1722BD899930049338D /* Build configuration list for PBXNativeTarget "PasswordGeneratorUITests" */ = {
			isa = XCConfigurationList;
			buildConfigurations = (
				5BA3A1732BD899930049338D /* Debug */,
				5BA3A1742BD899930049338D /* Release */,
			);
			defaultConfigurationIsVisible = 0;
			defaultConfigurationName = Release;
		};
/* End XCConfigurationList section */
	};
	rootObject = 5BA3A13F2BD899920049338D /* Project object */;
}
